
Microsoft Visual Studio Solution File, Format Version 12.00
# Visual Studio Version 16
VisualStudioVersion = 16.0.30907.101
MinimumVisualStudioVersion = 10.0.40219.1
Project("{9A19103F-16F7-4668-BE54-9A1E7A4F7556}") = "BiosmartStudioClient", "BiosmartStudioClient\BiosmartStudioClient.csproj", "{74C88DDF-F8F2-4045-BB50-6AC2DAD97127}"
EndProject
Global
	GlobalSection(SolutionConfigurationPlatforms) = preSolution
		Debug|Any CPU = Debug|Any CPU
		Release|Any CPU = Release|Any CPU
	EndGlobalSection
	GlobalSection(ProjectConfigurationPlatforms) = postSolution
		{74C88DDF-F8F2-4045-BB50-6AC2DAD97127}.Debug|Any CPU.ActiveCfg = Debug|Any CPU
		{74C88DDF-F8F2-4045-BB50-6AC2DAD97127}.Debug|Any CPU.Build.0 = Debug|Any CPU
		{74C88DDF-F8F2-4045-BB50-6AC2DAD97127}.Release|Any CPU.ActiveCfg = Release|Any CPU
		{74C88DDF-F8F2-4045-BB50-6AC2DAD97127}.Release|Any CPU.Build.0 = Release|Any CPU
	EndGlobalSection
	GlobalSection(SolutionProperties) = preSolution
		HideSolutionNode = FALSE
	EndGlobalSection
	GlobalSection(ExtensibilityGlobals) = postSolution
		SolutionGuid = {666A2D3B-FEFE-41AD-B8E8-1795C8762909}
	EndGlobalSection
EndGlobal
